
Microsoft Visual Studio Solution File, Format Version 12.00
# 
VisualStudioVersion = 17.5.002.0
MinimumVisualStudioVersion = 
Project("{FAE04EC0-301F-11D3-BF4B-00C04F79EFBC}") = "breaking-the-records", "hackerrank\24q1\breaking-the-records\breaking-the-records.csproj", "{1FB3CC5D-7532-498A-AADA-D85644D5B79A}"
EndProject
Project("{FAE04EC0-301F-11D3-BF4B-00C04F79EFBC}") = "camel-case-4", "hackerrank\24q1\camel-case-4\camel-case-4.csproj", "{67EE33FA-247E-4162-A7E5-058BD5440923}"
EndProject
Project("{FAE04EC0-301F-11D3-BF4B-00C04F79EFBC}") = "divisible-sum-pairs", "hackerrank\24q1\divisible-sum-pairs\divisible-sum-pairs.csproj", "{7A638D7B-CF5F-49B0-A7C2-E10E02191C64}"
EndProject
Project("{FAE04EC0-301F-11D3-BF4B-00C04F79EFBC}") = "mini-max-sum", "hackerrank\24q1\mini-max-sum\mini-max-sum.csproj", "{B3F90D40-5D81-42B0-836E-66373F287CA9}"
EndProject
Project("{FAE04EC0-301F-11D3-BF4B-00C04F79EFBC}") = "plus-minus", "hackerrank\24q1\plus-minus\plus-minus.csproj", "{9C34C7D5-EF05-4F07-AEBF-615EAE96B8C6}"
EndProject
Project("{FAE04EC0-301F-11D3-BF4B-00C04F79EFBC}") = "time-conversion", "hackerrank\24q1\time-conversion\time-conversion.csproj", "{6E747FD2-193E-4D74-AE41-6EEAF7DB6213}"
EndProject
Project("{FAE04EC0-301F-11D3-BF4B-00C04F79EFBC}") = "sparse-arrays", "hackerrank\24q1\sparse-arrays\sparse-arrays.csproj", "{DD616B5D-1FDD-4B14-A090-140223C57BCA}"
EndProject
Project("{FAE04EC0-301F-11D3-BF4B-00C04F79EFBC}") = "find-the-median", "hackerrank\24q1\find-the-median\find-the-median.csproj", "{BF583D06-A194-4EC1-A8A8-99CE6D4239FB}"
EndProject
Project("{FAE04EC0-301F-11D3-BF4B-00C04F79EFBC}") = "counting-valleys", "hackerrank\24q1\counting-valleys\counting-valleys.csproj", "{4734FE25-AEEF-441F-B45C-6D37277C2D1F}"
EndProject
Project("{FAE04EC0-301F-11D3-BF4B-00C04F79EFBC}") = "pangrams", "hackerrank\24q1\pangrams\pangrams.csproj", "{2DB9CB61-A06F-4C44-B1E4-A637A6EC0BBC}"
EndProject
Project("{FAE04EC0-301F-11D3-BF4B-00C04F79EFBC}") = "subarray-division-2", "hackerrank\24q1\subarray-division-2\subarray-division-2.csproj", "{0896DE3D-26D0-42B2-8E14-248966779B0A}"
EndProject
Project("{FAE04EC0-301F-11D3-BF4B-00C04F79EFBC}") = "maximum-perimeter-triangle", "hackerrank\24q1\maximum-perimeter-triangle\maximum-perimeter-triangle.csproj", "{116A2E3B-9775-4E85-8945-4C9142831451}"
EndProject
Project("{2150E333-8FDC-42A3-9474-1A3956D46DE8}") = "hackerrank", "hackerrank", "{B06D4C3A-4B36-4D78-A63F-AB861A91193E}"
EndProject
Project("{FAE04EC0-301F-11D3-BF4B-00C04F79EFBC}") = "grid-challenge", "hackerrank\24q2\grid-challenge\grid-challenge.csproj", "{F981D2FB-FCCF-49B5-80DB-6DB88A0B0E0C}"
EndProject
Global
	GlobalSection(SolutionConfigurationPlatforms) = preSolution
		Debug|Any CPU = Debug|Any CPU
		Release|Any CPU = Release|Any CPU
	EndGlobalSection
	GlobalSection(ProjectConfigurationPlatforms) = postSolution
		{1FB3CC5D-7532-498A-AADA-D85644D5B79A}.Debug|Any CPU.ActiveCfg = Debug|Any CPU
		{1FB3CC5D-7532-498A-AADA-D85644D5B79A}.Debug|Any CPU.Build.0 = Debug|Any CPU
		{1FB3CC5D-7532-498A-AADA-D85644D5B79A}.Release|Any CPU.ActiveCfg = Release|Any CPU
		{1FB3CC5D-7532-498A-AADA-D85644D5B79A}.Release|Any CPU.Build.0 = Release|Any CPU
		{67EE33FA-247E-4162-A7E5-058BD5440923}.Debug|Any CPU.ActiveCfg = Debug|Any CPU
		{67EE33FA-247E-4162-A7E5-058BD5440923}.Debug|Any CPU.Build.0 = Debug|Any CPU
		{67EE33FA-247E-4162-A7E5-058BD5440923}.Release|Any CPU.ActiveCfg = Release|Any CPU
		{67EE33FA-247E-4162-A7E5-058BD5440923}.Release|Any CPU.Build.0 = Release|Any CPU
		{7A638D7B-CF5F-49B0-A7C2-E10E02191C64}.Debug|Any CPU.ActiveCfg = Debug|Any CPU
		{7A638D7B-CF5F-49B0-A7C2-E10E02191C64}.Debug|Any CPU.Build.0 = Debug|Any CPU
		{7A638D7B-CF5F-49B0-A7C2-E10E02191C64}.Release|Any CPU.ActiveCfg = Release|Any CPU
		{7A638D7B-CF5F-49B0-A7C2-E10E02191C64}.Release|Any CPU.Build.0 = Release|Any CPU
		{B3F90D40-5D81-42B0-836E-66373F287CA9}.Debug|Any CPU.ActiveCfg = Debug|Any CPU
		{B3F90D40-5D81-42B0-836E-66373F287CA9}.Debug|Any CPU.Build.0 = Debug|Any CPU
		{B3F90D40-5D81-42B0-836E-66373F287CA9}.Release|Any CPU.ActiveCfg = Release|Any CPU
		{B3F90D40-5D81-42B0-836E-66373F287CA9}.Release|Any CPU.Build.0 = Release|Any CPU
		{9C34C7D5-EF05-4F07-AEBF-615EAE96B8C6}.Debug|Any CPU.ActiveCfg = Debug|Any CPU
		{9C34C7D5-EF05-4F07-AEBF-615EAE96B8C6}.Debug|Any CPU.Build.0 = Debug|Any CPU
		{9C34C7D5-EF05-4F07-AEBF-615EAE96B8C6}.Release|Any CPU.ActiveCfg = Release|Any CPU
		{9C34C7D5-EF05-4F07-AEBF-615EAE96B8C6}.Release|Any CPU.Build.0 = Release|Any CPU
		{6E747FD2-193E-4D74-AE41-6EEAF7DB6213}.Debug|Any CPU.ActiveCfg = Debug|Any CPU
		{6E747FD2-193E-4D74-AE41-6EEAF7DB6213}.Debug|Any CPU.Build.0 = Debug|Any CPU
		{6E747FD2-193E-4D74-AE41-6EEAF7DB6213}.Release|Any CPU.ActiveCfg = Release|Any CPU
		{6E747FD2-193E-4D74-AE41-6EEAF7DB6213}.Release|Any CPU.Build.0 = Release|Any CPU
		{DD616B5D-1FDD-4B14-A090-140223C57BCA}.Debug|Any CPU.ActiveCfg = Debug|Any CPU
		{DD616B5D-1FDD-4B14-A090-140223C57BCA}.Debug|Any CPU.Build.0 = Debug|Any CPU
		{DD616B5D-1FDD-4B14-A090-140223C57BCA}.Release|Any CPU.ActiveCfg = Release|Any CPU
		{DD616B5D-1FDD-4B14-A090-140223C57BCA}.Release|Any CPU.Build.0 = Release|Any CPU
		{BF583D06-A194-4EC1-A8A8-99CE6D4239FB}.Debug|Any CPU.ActiveCfg = Debug|Any CPU
		{BF583D06-A194-4EC1-A8A8-99CE6D4239FB}.Debug|Any CPU.Build.0 = Debug|Any CPU
		{BF583D06-A194-4EC1-A8A8-99CE6D4239FB}.Release|Any CPU.ActiveCfg = Release|Any CPU
		{BF583D06-A194-4EC1-A8A8-99CE6D4239FB}.Release|Any CPU.Build.0 = Release|Any CPU
		{4734FE25-AEEF-441F-B45C-6D37277C2D1F}.Debug|Any CPU.ActiveCfg = Debug|Any CPU
		{4734FE25-AEEF-441F-B45C-6D37277C2D1F}.Debug|Any CPU.Build.0 = Debug|Any CPU
		{4734FE25-AEEF-441F-B45C-6D37277C2D1F}.Release|Any CPU.ActiveCfg = Release|Any CPU
		{4734FE25-AEEF-441F-B45C-6D37277C2D1F}.Release|Any CPU.Build.0 = Release|Any CPU
		{2DB9CB61-A06F-4C44-B1E4-A637A6EC0BBC}.Debug|Any CPU.ActiveCfg = Debug|Any CPU
		{2DB9CB61-A06F-4C44-B1E4-A637A6EC0BBC}.Debug|Any CPU.Build.0 = Debug|Any CPU
		{2DB9CB61-A06F-4C44-B1E4-A637A6EC0BBC}.Release|Any CPU.ActiveCfg = Release|Any CPU
		{2DB9CB61-A06F-4C44-B1E4-A637A6EC0BBC}.Release|Any CPU.Build.0 = Release|Any CPU
		{0896DE3D-26D0-42B2-8E14-248966779B0A}.Debug|Any CPU.ActiveCfg = Debug|Any CPU
		{0896DE3D-26D0-42B2-8E14-248966779B0A}.Debug|Any CPU.Build.0 = Debug|Any CPU
		{0896DE3D-26D0-42B2-8E14-248966779B0A}.Release|Any CPU.ActiveCfg = Release|Any CPU
		{0896DE3D-26D0-42B2-8E14-248966779B0A}.Release|Any CPU.Build.0 = Release|Any CPU
		{116A2E3B-9775-4E85-8945-4C9142831451}.Debug|Any CPU.ActiveCfg = Debug|Any CPU
		{116A2E3B-9775-4E85-8945-4C9142831451}.Debug|Any CPU.Build.0 = Debug|Any CPU
		{116A2E3B-9775-4E85-8945-4C9142831451}.Release|Any CPU.ActiveCfg = Release|Any CPU
		{116A2E3B-9775-4E85-8945-4C9142831451}.Release|Any CPU.Build.0 = Release|Any CPU
		{F981D2FB-FCCF-49B5-80DB-6DB88A0B0E0C}.Debug|Any CPU.ActiveCfg = Debug|Any CPU
		{F981D2FB-FCCF-49B5-80DB-6DB88A0B0E0C}.Debug|Any CPU.Build.0 = Debug|Any CPU
		{F981D2FB-FCCF-49B5-80DB-6DB88A0B0E0C}.Release|Any CPU.ActiveCfg = Release|Any CPU
		{F981D2FB-FCCF-49B5-80DB-6DB88A0B0E0C}.Release|Any CPU.Build.0 = Release|Any CPU
	EndGlobalSection
	GlobalSection(SolutionProperties) = preSolution
		HideSolutionNode = FALSE
	EndGlobalSection
	GlobalSection(NestedProjects) = preSolution
		{1FB3CC5D-7532-498A-AADA-D85644D5B79A} = {B06D4C3A-4B36-4D78-A63F-AB861A91193E}
		{67EE33FA-247E-4162-A7E5-058BD5440923} = {B06D4C3A-4B36-4D78-A63F-AB861A91193E}
		{7A638D7B-CF5F-49B0-A7C2-E10E02191C64} = {B06D4C3A-4B36-4D78-A63F-AB861A91193E}
		{B3F90D40-5D81-42B0-836E-66373F287CA9} = {B06D4C3A-4B36-4D78-A63F-AB861A91193E}
		{9C34C7D5-EF05-4F07-AEBF-615EAE96B8C6} = {B06D4C3A-4B36-4D78-A63F-AB861A91193E}
		{6E747FD2-193E-4D74-AE41-6EEAF7DB6213} = {B06D4C3A-4B36-4D78-A63F-AB861A91193E}
		{DD616B5D-1FDD-4B14-A090-140223C57BCA} = {B06D4C3A-4B36-4D78-A63F-AB861A91193E}
		{BF583D06-A194-4EC1-A8A8-99CE6D4239FB} = {B06D4C3A-4B36-4D78-A63F-AB861A91193E}
		{4734FE25-AEEF-441F-B45C-6D37277C2D1F} = {B06D4C3A-4B36-4D78-A63F-AB861A91193E}
		{2DB9CB61-A06F-4C44-B1E4-A637A6EC0BBC} = {B06D4C3A-4B36-4D78-A63F-AB861A91193E}
		{0896DE3D-26D0-42B2-8E14-248966779B0A} = {B06D4C3A-4B36-4D78-A63F-AB861A91193E}
		{116A2E3B-9775-4E85-8945-4C9142831451} = {B06D4C3A-4B36-4D78-A63F-AB861A91193E}
		{F981D2FB-FCCF-49B5-80DB-6DB88A0B0E0C} = {B06D4C3A-4B36-4D78-A63F-AB861A91193E}
	EndGlobalSection
EndGlobal
