
Microsoft Visual Studio Solution File, Format Version 12.00
# 
VisualStudioVersion = 17.5.002.0
MinimumVisualStudioVersion = 
Project("{FAE04EC0-301F-11D3-BF4B-00C04F79EFBC}") = "breaking-the-records", "hackerrank\24q1\breaking-the-records\breaking-the-records.csproj", "{1FB3CC5D-7532-498A-AADA-D85644D5B79A}"
EndProject
Project("{FAE04EC0-301F-11D3-BF4B-00C04F79EFBC}") = "camel-case-4", "hackerrank\24q1\camel-case-4\camel-case-4.csproj", "{67EE33FA-247E-4162-A7E5-058BD5440923}"
EndProject
Project("{FAE04EC0-301F-11D3-BF4B-00C04F79EFBC}") = "divisible-sum-pairs", "hackerrank\24q1\divisible-sum-pairs\divisible-sum-pairs.csproj", "{7A638D7B-CF5F-49B0-A7C2-E10E02191C64}"
EndProject
Project("{FAE04EC0-301F-11D3-BF4B-00C04F79EFBC}") = "mini-max-sum", "hackerrank\24q1\mini-max-sum\mini-max-sum.csproj", "{B3F90D40-5D81-42B0-836E-66373F287CA9}"
EndProject
Project("{FAE04EC0-301F-11D3-BF4B-00C04F79EFBC}") = "plus-minus", "hackerrank\24q1\plus-minus\plus-minus.csproj", "{9C34C7D5-EF05-4F07-AEBF-615EAE96B8C6}"
EndProject
Project("{FAE04EC0-301F-11D3-BF4B-00C04F79EFBC}") = "time-conversion", "hackerrank\24q1\time-conversion\time-conversion.csproj", "{6E747FD2-193E-4D74-AE41-6EEAF7DB6213}"
EndProject
Project("{FAE04EC0-301F-11D3-BF4B-00C04F79EFBC}") = "sparse-arrays", "hackerrank\24q1\sparse-arrays\sparse-arrays.csproj", "{DD616B5D-1FDD-4B14-A090-140223C57BCA}"
EndProject
Project("{FAE04EC0-301F-11D3-BF4B-00C04F79EFBC}") = "find-the-median", "hackerrank\24q1\find-the-median\find-the-median.csproj", "{BF583D06-A194-4EC1-A8A8-99CE6D4239FB}"
EndProject
Project("{FAE04EC0-301F-11D3-BF4B-00C04F79EFBC}") = "counting-valleys", "hackerrank\24q1\counting-valleys\counting-valleys.csproj", "{4734FE25-AEEF-441F-B45C-6D37277C2D1F}"
EndProject
Project("{FAE04EC0-301F-11D3-BF4B-00C04F79EFBC}") = "pangrams", "hackerrank\24q1\pangrams\pangrams.csproj", "{2DB9CB61-A06F-4C44-B1E4-A637A6EC0BBC}"
EndProject
Project("{FAE04EC0-301F-11D3-BF4B-00C04F79EFBC}") = "subarray-division-2", "hackerrank\24q1\subarray-division-2\subarray-division-2.csproj", "{0896DE3D-26D0-42B2-8E14-248966779B0A}"
EndProject
Project("{FAE04EC0-301F-11D3-BF4B-00C04F79EFBC}") = "maximum-perimeter-triangle", "hackerrank\24q1\maximum-perimeter-triangle\maximum-perimeter-triangle.csproj", "{116A2E3B-9775-4E85-8945-4C9142831451}"
EndProject
Project("{2150E333-8FDC-42A3-9474-1A3956D46DE8}") = "hackerrank", "hackerrank", "{B06D4C3A-4B36-4D78-A63F-AB861A91193E}"
EndProject
Project("{FAE04EC0-301F-11D3-BF4B-00C04F79EFBC}") = "grid-challenge", "hackerrank\24q2\grid-challenge\grid-challenge.csproj", "{F981D2FB-FCCF-49B5-80DB-6DB88A0B0E0C}"
EndProject
Project("{FAE04EC0-301F-11D3-BF4B-00C04F79EFBC}") = "prime-dates", "hackerrank\24q3\prime-dates\prime-dates.csproj", "{CCBA5E34-553C-4B03-AFD2-50B66EFC7EE0}"
EndProject
Project("{2150E333-8FDC-42A3-9474-1A3956D46DE8}") = "leetcode", "leetcode", "{90D4F0A3-61C5-4AE0-83EA-907B8F3CC5E3}"
EndProject
Project("{2150E333-8FDC-42A3-9474-1A3956D46DE8}") = "24q3", "24q3", "{2A4913FA-EC0A-4D4A-8BE9-B4E81361469D}"
EndProject
Project("{FAE04EC0-301F-11D3-BF4B-00C04F79EFBC}") = "diameter-of-binary-tree", "leetcode\24q3\diameter-of-binary-tree\diameter-of-binary-tree.csproj", "{2E9D96B0-62C9-4992-A038-6894930F3527}"
EndProject
Project("{FAE04EC0-301F-11D3-BF4B-00C04F79EFBC}") = "largest-substring-between-two-equal-characters", "leetcode\24q3\largest-substring-between-two-equal-characters\largest-substring-between-two-equal-characters.csproj", "{D605AE4A-5AFF-44E4-8C12-ECEC33AEF07C}"
EndProject
Project("{FAE04EC0-301F-11D3-BF4B-00C04F79EFBC}") = "check-if-a-word-occurs-as-a-prefix-of-any-word-in-sentence", "leetcode\24q3\check-if-a-word-occurs-as-a-prefix-of-any-word-in-sentence\check-if-a-word-occurs-as-a-prefix-of-any-word-in-sentence.csproj", "{CC137A03-439B-4F69-A8DA-074E5C75DF28}"
EndProject
Project("{2150E333-8FDC-42A3-9474-1A3956D46DE8}") = "boj", "boj", "{5CCB089B-4124-43F6-A049-44EC4366A715}"
EndProject
Project("{2150E333-8FDC-42A3-9474-1A3956D46DE8}") = "24q3", "24q3", "{25238DAE-104D-4DED-A9C1-A382CD58AA5A}"
EndProject
Project("{2150E333-8FDC-42A3-9474-1A3956D46DE8}") = "baekjoon", "baekjoon", "{8121F18F-1D83-4762-9C74-7C7B3D3024E4}"
EndProject
Project("{FAE04EC0-301F-11D3-BF4B-00C04F79EFBC}") = "number-of-vowels", "boj\24q3\baekjoon\number-of-vowels\number-of-vowels.csproj", "{47FEAC1C-F3FF-4D71-89DF-D7961E8B4CD2}"
EndProject
Project("{2150E333-8FDC-42A3-9474-1A3956D46DE8}") = "icpc", "icpc", "{DAC6EB6F-5B4D-4152-B01B-7AB356EAAA3F}"
EndProject
Project("{2150E333-8FDC-42A3-9474-1A3956D46DE8}") = "gec2023", "gec2023", "{B14D8A5D-EFCD-4E59-A00B-761612597231}"
EndProject
Project("{FAE04EC0-301F-11D3-BF4B-00C04F79EFBC}") = "exceptional-school-name", "boj\24q3\gec2023\exceptional-school-name\exceptional-school-name.csproj", "{CDEC0970-A192-4789-BC5A-80C49F9CFF6A}"
EndProject
Project("{FAE04EC0-301F-11D3-BF4B-00C04F79EFBC}") = "exceptional-little-fountain", "boj\24q3\gec2023\exceptional-little-fountain\exceptional-little-fountain.csproj", "{3DB18D1B-6764-4B82-B9C2-0892068E53F7}"
EndProject
Project("{2150E333-8FDC-42A3-9474-1A3956D46DE8}") = "solvedac2", "solvedac2", "{40EBA645-B007-4A71-A3D0-3747CE00674C}"
EndProject
Project("{FAE04EC0-301F-11D3-BF4B-00C04F79EFBC}") = "sum-of-cubes", "boj\24q3\solvedac2\sum-of-cubes\sum-of-cubes.csproj", "{8FD7616E-FBD7-45D6-9D87-58C8F07427A0}"
EndProject
Project("{FAE04EC0-301F-11D3-BF4B-00C04F79EFBC}") = "double-it", "boj\24q3\solvedac2\double-it\double-it.csproj", "{254976D8-3044-4941-9492-A8E796C62F59}"
EndProject
Global
	GlobalSection(SolutionConfigurationPlatforms) = preSolution
		Debug|Any CPU = Debug|Any CPU
		Release|Any CPU = Release|Any CPU
	EndGlobalSection
	GlobalSection(ProjectConfigurationPlatforms) = postSolution
		{1FB3CC5D-7532-498A-AADA-D85644D5B79A}.Debug|Any CPU.ActiveCfg = Debug|Any CPU
		{1FB3CC5D-7532-498A-AADA-D85644D5B79A}.Debug|Any CPU.Build.0 = Debug|Any CPU
		{1FB3CC5D-7532-498A-AADA-D85644D5B79A}.Release|Any CPU.ActiveCfg = Release|Any CPU
		{1FB3CC5D-7532-498A-AADA-D85644D5B79A}.Release|Any CPU.Build.0 = Release|Any CPU
		{67EE33FA-247E-4162-A7E5-058BD5440923}.Debug|Any CPU.ActiveCfg = Debug|Any CPU
		{67EE33FA-247E-4162-A7E5-058BD5440923}.Debug|Any CPU.Build.0 = Debug|Any CPU
		{67EE33FA-247E-4162-A7E5-058BD5440923}.Release|Any CPU.ActiveCfg = Release|Any CPU
		{67EE33FA-247E-4162-A7E5-058BD5440923}.Release|Any CPU.Build.0 = Release|Any CPU
		{7A638D7B-CF5F-49B0-A7C2-E10E02191C64}.Debug|Any CPU.ActiveCfg = Debug|Any CPU
		{7A638D7B-CF5F-49B0-A7C2-E10E02191C64}.Debug|Any CPU.Build.0 = Debug|Any CPU
		{7A638D7B-CF5F-49B0-A7C2-E10E02191C64}.Release|Any CPU.ActiveCfg = Release|Any CPU
		{7A638D7B-CF5F-49B0-A7C2-E10E02191C64}.Release|Any CPU.Build.0 = Release|Any CPU
		{B3F90D40-5D81-42B0-836E-66373F287CA9}.Debug|Any CPU.ActiveCfg = Debug|Any CPU
		{B3F90D40-5D81-42B0-836E-66373F287CA9}.Debug|Any CPU.Build.0 = Debug|Any CPU
		{B3F90D40-5D81-42B0-836E-66373F287CA9}.Release|Any CPU.ActiveCfg = Release|Any CPU
		{B3F90D40-5D81-42B0-836E-66373F287CA9}.Release|Any CPU.Build.0 = Release|Any CPU
		{9C34C7D5-EF05-4F07-AEBF-615EAE96B8C6}.Debug|Any CPU.ActiveCfg = Debug|Any CPU
		{9C34C7D5-EF05-4F07-AEBF-615EAE96B8C6}.Debug|Any CPU.Build.0 = Debug|Any CPU
		{9C34C7D5-EF05-4F07-AEBF-615EAE96B8C6}.Release|Any CPU.ActiveCfg = Release|Any CPU
		{9C34C7D5-EF05-4F07-AEBF-615EAE96B8C6}.Release|Any CPU.Build.0 = Release|Any CPU
		{6E747FD2-193E-4D74-AE41-6EEAF7DB6213}.Debug|Any CPU.ActiveCfg = Debug|Any CPU
		{6E747FD2-193E-4D74-AE41-6EEAF7DB6213}.Debug|Any CPU.Build.0 = Debug|Any CPU
		{6E747FD2-193E-4D74-AE41-6EEAF7DB6213}.Release|Any CPU.ActiveCfg = Release|Any CPU
		{6E747FD2-193E-4D74-AE41-6EEAF7DB6213}.Release|Any CPU.Build.0 = Release|Any CPU
		{DD616B5D-1FDD-4B14-A090-140223C57BCA}.Debug|Any CPU.ActiveCfg = Debug|Any CPU
		{DD616B5D-1FDD-4B14-A090-140223C57BCA}.Debug|Any CPU.Build.0 = Debug|Any CPU
		{DD616B5D-1FDD-4B14-A090-140223C57BCA}.Release|Any CPU.ActiveCfg = Release|Any CPU
		{DD616B5D-1FDD-4B14-A090-140223C57BCA}.Release|Any CPU.Build.0 = Release|Any CPU
		{BF583D06-A194-4EC1-A8A8-99CE6D4239FB}.Debug|Any CPU.ActiveCfg = Debug|Any CPU
		{BF583D06-A194-4EC1-A8A8-99CE6D4239FB}.Debug|Any CPU.Build.0 = Debug|Any CPU
		{BF583D06-A194-4EC1-A8A8-99CE6D4239FB}.Release|Any CPU.ActiveCfg = Release|Any CPU
		{BF583D06-A194-4EC1-A8A8-99CE6D4239FB}.Release|Any CPU.Build.0 = Release|Any CPU
		{4734FE25-AEEF-441F-B45C-6D37277C2D1F}.Debug|Any CPU.ActiveCfg = Debug|Any CPU
		{4734FE25-AEEF-441F-B45C-6D37277C2D1F}.Debug|Any CPU.Build.0 = Debug|Any CPU
		{4734FE25-AEEF-441F-B45C-6D37277C2D1F}.Release|Any CPU.ActiveCfg = Release|Any CPU
		{4734FE25-AEEF-441F-B45C-6D37277C2D1F}.Release|Any CPU.Build.0 = Release|Any CPU
		{2DB9CB61-A06F-4C44-B1E4-A637A6EC0BBC}.Debug|Any CPU.ActiveCfg = Debug|Any CPU
		{2DB9CB61-A06F-4C44-B1E4-A637A6EC0BBC}.Debug|Any CPU.Build.0 = Debug|Any CPU
		{2DB9CB61-A06F-4C44-B1E4-A637A6EC0BBC}.Release|Any CPU.ActiveCfg = Release|Any CPU
		{2DB9CB61-A06F-4C44-B1E4-A637A6EC0BBC}.Release|Any CPU.Build.0 = Release|Any CPU
		{0896DE3D-26D0-42B2-8E14-248966779B0A}.Debug|Any CPU.ActiveCfg = Debug|Any CPU
		{0896DE3D-26D0-42B2-8E14-248966779B0A}.Debug|Any CPU.Build.0 = Debug|Any CPU
		{0896DE3D-26D0-42B2-8E14-248966779B0A}.Release|Any CPU.ActiveCfg = Release|Any CPU
		{0896DE3D-26D0-42B2-8E14-248966779B0A}.Release|Any CPU.Build.0 = Release|Any CPU
		{116A2E3B-9775-4E85-8945-4C9142831451}.Debug|Any CPU.ActiveCfg = Debug|Any CPU
		{116A2E3B-9775-4E85-8945-4C9142831451}.Debug|Any CPU.Build.0 = Debug|Any CPU
		{116A2E3B-9775-4E85-8945-4C9142831451}.Release|Any CPU.ActiveCfg = Release|Any CPU
		{116A2E3B-9775-4E85-8945-4C9142831451}.Release|Any CPU.Build.0 = Release|Any CPU
		{F981D2FB-FCCF-49B5-80DB-6DB88A0B0E0C}.Debug|Any CPU.ActiveCfg = Debug|Any CPU
		{F981D2FB-FCCF-49B5-80DB-6DB88A0B0E0C}.Debug|Any CPU.Build.0 = Debug|Any CPU
		{F981D2FB-FCCF-49B5-80DB-6DB88A0B0E0C}.Release|Any CPU.ActiveCfg = Release|Any CPU
		{F981D2FB-FCCF-49B5-80DB-6DB88A0B0E0C}.Release|Any CPU.Build.0 = Release|Any CPU
		{CCBA5E34-553C-4B03-AFD2-50B66EFC7EE0}.Debug|Any CPU.ActiveCfg = Debug|Any CPU
		{CCBA5E34-553C-4B03-AFD2-50B66EFC7EE0}.Debug|Any CPU.Build.0 = Debug|Any CPU
		{CCBA5E34-553C-4B03-AFD2-50B66EFC7EE0}.Release|Any CPU.ActiveCfg = Release|Any CPU
		{CCBA5E34-553C-4B03-AFD2-50B66EFC7EE0}.Release|Any CPU.Build.0 = Release|Any CPU
		{2E9D96B0-62C9-4992-A038-6894930F3527}.Debug|Any CPU.ActiveCfg = Debug|Any CPU
		{2E9D96B0-62C9-4992-A038-6894930F3527}.Debug|Any CPU.Build.0 = Debug|Any CPU
		{2E9D96B0-62C9-4992-A038-6894930F3527}.Release|Any CPU.ActiveCfg = Release|Any CPU
		{2E9D96B0-62C9-4992-A038-6894930F3527}.Release|Any CPU.Build.0 = Release|Any CPU
		{D605AE4A-5AFF-44E4-8C12-ECEC33AEF07C}.Debug|Any CPU.ActiveCfg = Debug|Any CPU
		{D605AE4A-5AFF-44E4-8C12-ECEC33AEF07C}.Debug|Any CPU.Build.0 = Debug|Any CPU
		{D605AE4A-5AFF-44E4-8C12-ECEC33AEF07C}.Release|Any CPU.ActiveCfg = Release|Any CPU
		{D605AE4A-5AFF-44E4-8C12-ECEC33AEF07C}.Release|Any CPU.Build.0 = Release|Any CPU
		{CC137A03-439B-4F69-A8DA-074E5C75DF28}.Debug|Any CPU.ActiveCfg = Debug|Any CPU
		{CC137A03-439B-4F69-A8DA-074E5C75DF28}.Debug|Any CPU.Build.0 = Debug|Any CPU
		{CC137A03-439B-4F69-A8DA-074E5C75DF28}.Release|Any CPU.ActiveCfg = Release|Any CPU
		{CC137A03-439B-4F69-A8DA-074E5C75DF28}.Release|Any CPU.Build.0 = Release|Any CPU
		{47FEAC1C-F3FF-4D71-89DF-D7961E8B4CD2}.Debug|Any CPU.ActiveCfg = Debug|Any CPU
		{47FEAC1C-F3FF-4D71-89DF-D7961E8B4CD2}.Debug|Any CPU.Build.0 = Debug|Any CPU
		{47FEAC1C-F3FF-4D71-89DF-D7961E8B4CD2}.Release|Any CPU.ActiveCfg = Release|Any CPU
		{47FEAC1C-F3FF-4D71-89DF-D7961E8B4CD2}.Release|Any CPU.Build.0 = Release|Any CPU
		{CDEC0970-A192-4789-BC5A-80C49F9CFF6A}.Debug|Any CPU.ActiveCfg = Debug|Any CPU
		{CDEC0970-A192-4789-BC5A-80C49F9CFF6A}.Debug|Any CPU.Build.0 = Debug|Any CPU
		{CDEC0970-A192-4789-BC5A-80C49F9CFF6A}.Release|Any CPU.ActiveCfg = Release|Any CPU
		{CDEC0970-A192-4789-BC5A-80C49F9CFF6A}.Release|Any CPU.Build.0 = Release|Any CPU
		{3DB18D1B-6764-4B82-B9C2-0892068E53F7}.Debug|Any CPU.ActiveCfg = Debug|Any CPU
		{3DB18D1B-6764-4B82-B9C2-0892068E53F7}.Debug|Any CPU.Build.0 = Debug|Any CPU
		{3DB18D1B-6764-4B82-B9C2-0892068E53F7}.Release|Any CPU.ActiveCfg = Release|Any CPU
		{3DB18D1B-6764-4B82-B9C2-0892068E53F7}.Release|Any CPU.Build.0 = Release|Any CPU
		{8FD7616E-FBD7-45D6-9D87-58C8F07427A0}.Debug|Any CPU.ActiveCfg = Debug|Any CPU
		{8FD7616E-FBD7-45D6-9D87-58C8F07427A0}.Debug|Any CPU.Build.0 = Debug|Any CPU
		{8FD7616E-FBD7-45D6-9D87-58C8F07427A0}.Release|Any CPU.ActiveCfg = Release|Any CPU
		{8FD7616E-FBD7-45D6-9D87-58C8F07427A0}.Release|Any CPU.Build.0 = Release|Any CPU
		{254976D8-3044-4941-9492-A8E796C62F59}.Debug|Any CPU.ActiveCfg = Debug|Any CPU
		{254976D8-3044-4941-9492-A8E796C62F59}.Debug|Any CPU.Build.0 = Debug|Any CPU
		{254976D8-3044-4941-9492-A8E796C62F59}.Release|Any CPU.ActiveCfg = Release|Any CPU
		{254976D8-3044-4941-9492-A8E796C62F59}.Release|Any CPU.Build.0 = Release|Any CPU
	EndGlobalSection
	GlobalSection(SolutionProperties) = preSolution
		HideSolutionNode = FALSE
	EndGlobalSection
	GlobalSection(NestedProjects) = preSolution
		{1FB3CC5D-7532-498A-AADA-D85644D5B79A} = {B06D4C3A-4B36-4D78-A63F-AB861A91193E}
		{67EE33FA-247E-4162-A7E5-058BD5440923} = {B06D4C3A-4B36-4D78-A63F-AB861A91193E}
		{7A638D7B-CF5F-49B0-A7C2-E10E02191C64} = {B06D4C3A-4B36-4D78-A63F-AB861A91193E}
		{B3F90D40-5D81-42B0-836E-66373F287CA9} = {B06D4C3A-4B36-4D78-A63F-AB861A91193E}
		{9C34C7D5-EF05-4F07-AEBF-615EAE96B8C6} = {B06D4C3A-4B36-4D78-A63F-AB861A91193E}
		{6E747FD2-193E-4D74-AE41-6EEAF7DB6213} = {B06D4C3A-4B36-4D78-A63F-AB861A91193E}
		{DD616B5D-1FDD-4B14-A090-140223C57BCA} = {B06D4C3A-4B36-4D78-A63F-AB861A91193E}
		{BF583D06-A194-4EC1-A8A8-99CE6D4239FB} = {B06D4C3A-4B36-4D78-A63F-AB861A91193E}
		{4734FE25-AEEF-441F-B45C-6D37277C2D1F} = {B06D4C3A-4B36-4D78-A63F-AB861A91193E}
		{2DB9CB61-A06F-4C44-B1E4-A637A6EC0BBC} = {B06D4C3A-4B36-4D78-A63F-AB861A91193E}
		{0896DE3D-26D0-42B2-8E14-248966779B0A} = {B06D4C3A-4B36-4D78-A63F-AB861A91193E}
		{116A2E3B-9775-4E85-8945-4C9142831451} = {B06D4C3A-4B36-4D78-A63F-AB861A91193E}
		{F981D2FB-FCCF-49B5-80DB-6DB88A0B0E0C} = {B06D4C3A-4B36-4D78-A63F-AB861A91193E}
		{CCBA5E34-553C-4B03-AFD2-50B66EFC7EE0} = {B06D4C3A-4B36-4D78-A63F-AB861A91193E}
		{2A4913FA-EC0A-4D4A-8BE9-B4E81361469D} = {90D4F0A3-61C5-4AE0-83EA-907B8F3CC5E3}
		{2E9D96B0-62C9-4992-A038-6894930F3527} = {2A4913FA-EC0A-4D4A-8BE9-B4E81361469D}
		{D605AE4A-5AFF-44E4-8C12-ECEC33AEF07C} = {2A4913FA-EC0A-4D4A-8BE9-B4E81361469D}
		{CC137A03-439B-4F69-A8DA-074E5C75DF28} = {2A4913FA-EC0A-4D4A-8BE9-B4E81361469D}
		{25238DAE-104D-4DED-A9C1-A382CD58AA5A} = {5CCB089B-4124-43F6-A049-44EC4366A715}
		{8121F18F-1D83-4762-9C74-7C7B3D3024E4} = {25238DAE-104D-4DED-A9C1-A382CD58AA5A}
		{47FEAC1C-F3FF-4D71-89DF-D7961E8B4CD2} = {8121F18F-1D83-4762-9C74-7C7B3D3024E4}
		{B14D8A5D-EFCD-4E59-A00B-761612597231} = {25238DAE-104D-4DED-A9C1-A382CD58AA5A}
		{CDEC0970-A192-4789-BC5A-80C49F9CFF6A} = {B14D8A5D-EFCD-4E59-A00B-761612597231}
		{3DB18D1B-6764-4B82-B9C2-0892068E53F7} = {B14D8A5D-EFCD-4E59-A00B-761612597231}
		{40EBA645-B007-4A71-A3D0-3747CE00674C} = {25238DAE-104D-4DED-A9C1-A382CD58AA5A}
		{8FD7616E-FBD7-45D6-9D87-58C8F07427A0} = {40EBA645-B007-4A71-A3D0-3747CE00674C}
		{254976D8-3044-4941-9492-A8E796C62F59} = {40EBA645-B007-4A71-A3D0-3747CE00674C}
	EndGlobalSection
EndGlobal
