
Microsoft Visual Studio Solution File, Format Version 12.00
# 
Project("{FAE04EC0-301F-11D3-BF4B-00C04F79EFBC}") = "PrepKit3Months", "PrepKit3Months\PrepKit3Months.csproj", "{53A585AB-9121-4160-A4C9-89CC427EF9DC}"
EndProject
Project("{FAE04EC0-301F-11D3-BF4B-00C04F79EFBC}") = "BreakingTheRecords", "BreakingTheRecords\BreakingTheRecords.csproj", "{1FB3CC5D-7532-498A-AADA-D85644D5B79A}"
EndProject
Project("{FAE04EC0-301F-11D3-BF4B-00C04F79EFBC}") = "CamelCase4", "CamelCase4\CamelCase4.csproj", "{67EE33FA-247E-4162-A7E5-058BD5440923}"
EndProject
Global
	GlobalSection(SolutionConfigurationPlatforms) = preSolution
		Debug|Any CPU = Debug|Any CPU
		Release|Any CPU = Release|Any CPU
	EndGlobalSection
	GlobalSection(ProjectConfigurationPlatforms) = postSolution
		{53A585AB-9121-4160-A4C9-89CC427EF9DC}.Debug|Any CPU.ActiveCfg = Debug|Any CPU
		{53A585AB-9121-4160-A4C9-89CC427EF9DC}.Debug|Any CPU.Build.0 = Debug|Any CPU
		{53A585AB-9121-4160-A4C9-89CC427EF9DC}.Release|Any CPU.ActiveCfg = Release|Any CPU
		{53A585AB-9121-4160-A4C9-89CC427EF9DC}.Release|Any CPU.Build.0 = Release|Any CPU
		{1FB3CC5D-7532-498A-AADA-D85644D5B79A}.Debug|Any CPU.ActiveCfg = Debug|Any CPU
		{1FB3CC5D-7532-498A-AADA-D85644D5B79A}.Debug|Any CPU.Build.0 = Debug|Any CPU
		{1FB3CC5D-7532-498A-AADA-D85644D5B79A}.Release|Any CPU.ActiveCfg = Release|Any CPU
		{1FB3CC5D-7532-498A-AADA-D85644D5B79A}.Release|Any CPU.Build.0 = Release|Any CPU
		{67EE33FA-247E-4162-A7E5-058BD5440923}.Debug|Any CPU.ActiveCfg = Debug|Any CPU
		{67EE33FA-247E-4162-A7E5-058BD5440923}.Debug|Any CPU.Build.0 = Debug|Any CPU
		{67EE33FA-247E-4162-A7E5-058BD5440923}.Release|Any CPU.ActiveCfg = Release|Any CPU
		{67EE33FA-247E-4162-A7E5-058BD5440923}.Release|Any CPU.Build.0 = Release|Any CPU
	EndGlobalSection
EndGlobal
